
Microsoft Visual Studio Solution File, Format Version 12.00
# Visual Studio 15
VisualStudioVersion = 15.0.27703.2000
MinimumVisualStudioVersion = 10.0.40219.1
Project("{2150E333-8FDC-42A3-9474-1A3956D46DE8}") = "QuickStart", "QuickStart", "{DB7C2819-67B3-4291-ACF0-F565F13178BA}"
EndProject
Project("{9A19103F-16F7-4668-BE54-9A1E7A4F7556}") = "QuickStart.Services", "QuickStart\QuickStart.Services\QuickStart.Services.csproj", "{E7DFEF9C-E4E3-4737-9781-F1C90E2E03D7}"
EndProject
Project("{9A19103F-16F7-4668-BE54-9A1E7A4F7556}") = "QuickStart.Server1", "QuickStart\QuickStart.Server1\QuickStart.Server1.csproj", "{B726AC1C-42D4-4832-A8E3-F6A08737A216}"
EndProject
Project("{9A19103F-16F7-4668-BE54-9A1E7A4F7556}") = "QuickStart.ApiGateway", "QuickStart\QuickStart.ApiGateway\QuickStart.ApiGateway.csproj", "{F802AF68-9D37-47ED-ACF5-802469D1D8BB}"
EndProject
Global
	GlobalSection(SolutionConfigurationPlatforms) = preSolution
		Debug|Any CPU = Debug|Any CPU
		Release|Any CPU = Release|Any CPU
	EndGlobalSection
	GlobalSection(ProjectConfigurationPlatforms) = postSolution
		{E7DFEF9C-E4E3-4737-9781-F1C90E2E03D7}.Debug|Any CPU.ActiveCfg = Debug|Any CPU
		{E7DFEF9C-E4E3-4737-9781-F1C90E2E03D7}.Debug|Any CPU.Build.0 = Debug|Any CPU
		{E7DFEF9C-E4E3-4737-9781-F1C90E2E03D7}.Release|Any CPU.ActiveCfg = Release|Any CPU
		{E7DFEF9C-E4E3-4737-9781-F1C90E2E03D7}.Release|Any CPU.Build.0 = Release|Any CPU
		{B726AC1C-42D4-4832-A8E3-F6A08737A216}.Debug|Any CPU.ActiveCfg = Debug|Any CPU
		{B726AC1C-42D4-4832-A8E3-F6A08737A216}.Debug|Any CPU.Build.0 = Debug|Any CPU
		{B726AC1C-42D4-4832-A8E3-F6A08737A216}.Release|Any CPU.ActiveCfg = Release|Any CPU
		{B726AC1C-42D4-4832-A8E3-F6A08737A216}.Release|Any CPU.Build.0 = Release|Any CPU
		{F802AF68-9D37-47ED-ACF5-802469D1D8BB}.Debug|Any CPU.ActiveCfg = Debug|Any CPU
		{F802AF68-9D37-47ED-ACF5-802469D1D8BB}.Debug|Any CPU.Build.0 = Debug|Any CPU
		{F802AF68-9D37-47ED-ACF5-802469D1D8BB}.Release|Any CPU.ActiveCfg = Release|Any CPU
		{F802AF68-9D37-47ED-ACF5-802469D1D8BB}.Release|Any CPU.Build.0 = Release|Any CPU
	EndGlobalSection
	GlobalSection(SolutionProperties) = preSolution
		HideSolutionNode = FALSE
	EndGlobalSection
	GlobalSection(NestedProjects) = preSolution
		{E7DFEF9C-E4E3-4737-9781-F1C90E2E03D7} = {DB7C2819-67B3-4291-ACF0-F565F13178BA}
		{B726AC1C-42D4-4832-A8E3-F6A08737A216} = {DB7C2819-67B3-4291-ACF0-F565F13178BA}
		{F802AF68-9D37-47ED-ACF5-802469D1D8BB} = {DB7C2819-67B3-4291-ACF0-F565F13178BA}
	EndGlobalSection
	GlobalSection(ExtensibilityGlobals) = postSolution
		SolutionGuid = {1BEE8415-C41F-4A13-9710-892A24B4769F}
	EndGlobalSection
EndGlobal
