
Microsoft Visual Studio Solution File, Format Version 12.00
# Visual Studio 15
VisualStudioVersion = 15.0.27703.2000
MinimumVisualStudioVersion = 10.0.40219.1
Project("{2150E333-8FDC-42A3-9474-1A3956D46DE8}") = "QuickStart", "QuickStart", "{DB7C2819-67B3-4291-ACF0-F565F13178BA}"
EndProject
Project("{9A19103F-16F7-4668-BE54-9A1E7A4F7556}") = "QuickStart.Services", "QuickStart\QuickStart.Services\QuickStart.Services.csproj", "{E7DFEF9C-E4E3-4737-9781-F1C90E2E03D7}"
EndProject
Project("{9A19103F-16F7-4668-BE54-9A1E7A4F7556}") = "QuickStart.Server1", "QuickStart\QuickStart.Server1\QuickStart.Server1.csproj", "{B726AC1C-42D4-4832-A8E3-F6A08737A216}"
EndProject
Project("{9A19103F-16F7-4668-BE54-9A1E7A4F7556}") = "QuickStart.ApiGateway", "QuickStart\QuickStart.ApiGateway\QuickStart.ApiGateway.csproj", "{F802AF68-9D37-47ED-ACF5-802469D1D8BB}"
EndProject
Project("{2150E333-8FDC-42A3-9474-1A3956D46DE8}") = "News", "News", "{A11D5B7C-7D0F-4E6F-8924-4597E98ACBE8}"
EndProject
Project("{9A19103F-16F7-4668-BE54-9A1E7A4F7556}") = "ApiGateway", "News\ApiGateway\ApiGateway.csproj", "{425C46FA-2362-4070-8A3B-323244AE3B07}"
EndProject
Project("{2150E333-8FDC-42A3-9474-1A3956D46DE8}") = "Register", "Register", "{462C394F-02A5-483A-B8F0-38931B09977A}"
EndProject
Project("{2150E333-8FDC-42A3-9474-1A3956D46DE8}") = "Authorize", "Authorize", "{20A595C7-A7A6-4163-BBF7-A79495CB4C1F}"
EndProject
Project("{2150E333-8FDC-42A3-9474-1A3956D46DE8}") = "News", "News", "{5DB99E95-57F1-44CD-8D8F-8D15D22628A3}"
EndProject
Project("{2150E333-8FDC-42A3-9474-1A3956D46DE8}") = "MicroServices", "MicroServices", "{C4C3B7B2-E1B4-4E54-B6E9-9D8A5522A3F6}"
EndProject
Project("{9A19103F-16F7-4668-BE54-9A1E7A4F7556}") = "Register.IServices", "News\MicroServices\Register\Register.IServices\Register.IServices.csproj", "{C3119481-3D3F-439C-946E-0D93CB797C21}"
EndProject
Project("{9A19103F-16F7-4668-BE54-9A1E7A4F7556}") = "Register.Server", "News\MicroServices\Register\Register.Server\Register.Server.csproj", "{9C0C2CB6-57F4-4E8C-9384-F1DFC1D8F70A}"
EndProject
Project("{9A19103F-16F7-4668-BE54-9A1E7A4F7556}") = "Register.Services", "News\MicroServices\Register\Register.Services\Register.Services.csproj", "{22DF34D8-9918-483D-81AB-005740343F20}"
EndProject
Project("{9A19103F-16F7-4668-BE54-9A1E7A4F7556}") = "Auth.IServices", "News\MicroServices\Authorize\Authorize.IServices\Auth.IServices.csproj", "{8D25DD86-C2AF-4010-86CF-B83A885C55D7}"
EndProject
Project("{9A19103F-16F7-4668-BE54-9A1E7A4F7556}") = "Auth.Server", "News\MicroServices\Authorize\Authorize.Server\Auth.Server.csproj", "{1D1DCD7C-602A-441E-816E-81F6E9A8FCCF}"
EndProject
Project("{9A19103F-16F7-4668-BE54-9A1E7A4F7556}") = "Auth.Services", "News\MicroServices\Authorize\Authorize.Services\Auth.Services.csproj", "{5CE2085A-6066-45D8-838B-3639937C997F}"
EndProject
Project("{9A19103F-16F7-4668-BE54-9A1E7A4F7556}") = "News.IServices", "News\MicroServices\News\News.IServices\News.IServices.csproj", "{198B7D9F-EF5C-4C3A-A5D9-C70DFCC68A6A}"
EndProject
Project("{9A19103F-16F7-4668-BE54-9A1E7A4F7556}") = "News.Services", "News\MicroServices\News\News.Services\News.Services.csproj", "{33750109-9EDD-4D95-ACAA-3B24498892BA}"
EndProject
Project("{9A19103F-16F7-4668-BE54-9A1E7A4F7556}") = "News.Server", "News\MicroServices\News\News.Server\News.Server.csproj", "{84A1CA0C-BF4C-4D77-A1C7-9082FB6497B3}"
EndProject
Global
	GlobalSection(SolutionConfigurationPlatforms) = preSolution
		Debug|Any CPU = Debug|Any CPU
		Release|Any CPU = Release|Any CPU
	EndGlobalSection
	GlobalSection(ProjectConfigurationPlatforms) = postSolution
		{E7DFEF9C-E4E3-4737-9781-F1C90E2E03D7}.Debug|Any CPU.ActiveCfg = Debug|Any CPU
		{E7DFEF9C-E4E3-4737-9781-F1C90E2E03D7}.Debug|Any CPU.Build.0 = Debug|Any CPU
		{E7DFEF9C-E4E3-4737-9781-F1C90E2E03D7}.Release|Any CPU.ActiveCfg = Release|Any CPU
		{E7DFEF9C-E4E3-4737-9781-F1C90E2E03D7}.Release|Any CPU.Build.0 = Release|Any CPU
		{B726AC1C-42D4-4832-A8E3-F6A08737A216}.Debug|Any CPU.ActiveCfg = Debug|Any CPU
		{B726AC1C-42D4-4832-A8E3-F6A08737A216}.Debug|Any CPU.Build.0 = Debug|Any CPU
		{B726AC1C-42D4-4832-A8E3-F6A08737A216}.Release|Any CPU.ActiveCfg = Release|Any CPU
		{B726AC1C-42D4-4832-A8E3-F6A08737A216}.Release|Any CPU.Build.0 = Release|Any CPU
		{F802AF68-9D37-47ED-ACF5-802469D1D8BB}.Debug|Any CPU.ActiveCfg = Debug|Any CPU
		{F802AF68-9D37-47ED-ACF5-802469D1D8BB}.Debug|Any CPU.Build.0 = Debug|Any CPU
		{F802AF68-9D37-47ED-ACF5-802469D1D8BB}.Release|Any CPU.ActiveCfg = Release|Any CPU
		{F802AF68-9D37-47ED-ACF5-802469D1D8BB}.Release|Any CPU.Build.0 = Release|Any CPU
		{425C46FA-2362-4070-8A3B-323244AE3B07}.Debug|Any CPU.ActiveCfg = Debug|Any CPU
		{425C46FA-2362-4070-8A3B-323244AE3B07}.Debug|Any CPU.Build.0 = Debug|Any CPU
		{425C46FA-2362-4070-8A3B-323244AE3B07}.Release|Any CPU.ActiveCfg = Release|Any CPU
		{425C46FA-2362-4070-8A3B-323244AE3B07}.Release|Any CPU.Build.0 = Release|Any CPU
		{C3119481-3D3F-439C-946E-0D93CB797C21}.Debug|Any CPU.ActiveCfg = Debug|Any CPU
		{C3119481-3D3F-439C-946E-0D93CB797C21}.Debug|Any CPU.Build.0 = Debug|Any CPU
		{C3119481-3D3F-439C-946E-0D93CB797C21}.Release|Any CPU.ActiveCfg = Release|Any CPU
		{C3119481-3D3F-439C-946E-0D93CB797C21}.Release|Any CPU.Build.0 = Release|Any CPU
		{9C0C2CB6-57F4-4E8C-9384-F1DFC1D8F70A}.Debug|Any CPU.ActiveCfg = Debug|Any CPU
		{9C0C2CB6-57F4-4E8C-9384-F1DFC1D8F70A}.Debug|Any CPU.Build.0 = Debug|Any CPU
		{9C0C2CB6-57F4-4E8C-9384-F1DFC1D8F70A}.Release|Any CPU.ActiveCfg = Release|Any CPU
		{9C0C2CB6-57F4-4E8C-9384-F1DFC1D8F70A}.Release|Any CPU.Build.0 = Release|Any CPU
		{22DF34D8-9918-483D-81AB-005740343F20}.Debug|Any CPU.ActiveCfg = Debug|Any CPU
		{22DF34D8-9918-483D-81AB-005740343F20}.Debug|Any CPU.Build.0 = Debug|Any CPU
		{22DF34D8-9918-483D-81AB-005740343F20}.Release|Any CPU.ActiveCfg = Release|Any CPU
		{22DF34D8-9918-483D-81AB-005740343F20}.Release|Any CPU.Build.0 = Release|Any CPU
		{8D25DD86-C2AF-4010-86CF-B83A885C55D7}.Debug|Any CPU.ActiveCfg = Debug|Any CPU
		{8D25DD86-C2AF-4010-86CF-B83A885C55D7}.Debug|Any CPU.Build.0 = Debug|Any CPU
		{8D25DD86-C2AF-4010-86CF-B83A885C55D7}.Release|Any CPU.ActiveCfg = Release|Any CPU
		{8D25DD86-C2AF-4010-86CF-B83A885C55D7}.Release|Any CPU.Build.0 = Release|Any CPU
		{1D1DCD7C-602A-441E-816E-81F6E9A8FCCF}.Debug|Any CPU.ActiveCfg = Debug|Any CPU
		{1D1DCD7C-602A-441E-816E-81F6E9A8FCCF}.Debug|Any CPU.Build.0 = Debug|Any CPU
		{1D1DCD7C-602A-441E-816E-81F6E9A8FCCF}.Release|Any CPU.ActiveCfg = Release|Any CPU
		{1D1DCD7C-602A-441E-816E-81F6E9A8FCCF}.Release|Any CPU.Build.0 = Release|Any CPU
		{5CE2085A-6066-45D8-838B-3639937C997F}.Debug|Any CPU.ActiveCfg = Debug|Any CPU
		{5CE2085A-6066-45D8-838B-3639937C997F}.Debug|Any CPU.Build.0 = Debug|Any CPU
		{5CE2085A-6066-45D8-838B-3639937C997F}.Release|Any CPU.ActiveCfg = Release|Any CPU
		{5CE2085A-6066-45D8-838B-3639937C997F}.Release|Any CPU.Build.0 = Release|Any CPU
		{198B7D9F-EF5C-4C3A-A5D9-C70DFCC68A6A}.Debug|Any CPU.ActiveCfg = Debug|Any CPU
		{198B7D9F-EF5C-4C3A-A5D9-C70DFCC68A6A}.Debug|Any CPU.Build.0 = Debug|Any CPU
		{198B7D9F-EF5C-4C3A-A5D9-C70DFCC68A6A}.Release|Any CPU.ActiveCfg = Release|Any CPU
		{198B7D9F-EF5C-4C3A-A5D9-C70DFCC68A6A}.Release|Any CPU.Build.0 = Release|Any CPU
		{33750109-9EDD-4D95-ACAA-3B24498892BA}.Debug|Any CPU.ActiveCfg = Debug|Any CPU
		{33750109-9EDD-4D95-ACAA-3B24498892BA}.Debug|Any CPU.Build.0 = Debug|Any CPU
		{33750109-9EDD-4D95-ACAA-3B24498892BA}.Release|Any CPU.ActiveCfg = Release|Any CPU
		{33750109-9EDD-4D95-ACAA-3B24498892BA}.Release|Any CPU.Build.0 = Release|Any CPU
		{84A1CA0C-BF4C-4D77-A1C7-9082FB6497B3}.Debug|Any CPU.ActiveCfg = Debug|Any CPU
		{84A1CA0C-BF4C-4D77-A1C7-9082FB6497B3}.Debug|Any CPU.Build.0 = Debug|Any CPU
		{84A1CA0C-BF4C-4D77-A1C7-9082FB6497B3}.Release|Any CPU.ActiveCfg = Release|Any CPU
		{84A1CA0C-BF4C-4D77-A1C7-9082FB6497B3}.Release|Any CPU.Build.0 = Release|Any CPU
	EndGlobalSection
	GlobalSection(SolutionProperties) = preSolution
		HideSolutionNode = FALSE
	EndGlobalSection
	GlobalSection(NestedProjects) = preSolution
		{E7DFEF9C-E4E3-4737-9781-F1C90E2E03D7} = {DB7C2819-67B3-4291-ACF0-F565F13178BA}
		{B726AC1C-42D4-4832-A8E3-F6A08737A216} = {DB7C2819-67B3-4291-ACF0-F565F13178BA}
		{F802AF68-9D37-47ED-ACF5-802469D1D8BB} = {DB7C2819-67B3-4291-ACF0-F565F13178BA}
		{425C46FA-2362-4070-8A3B-323244AE3B07} = {A11D5B7C-7D0F-4E6F-8924-4597E98ACBE8}
		{462C394F-02A5-483A-B8F0-38931B09977A} = {C4C3B7B2-E1B4-4E54-B6E9-9D8A5522A3F6}
		{20A595C7-A7A6-4163-BBF7-A79495CB4C1F} = {C4C3B7B2-E1B4-4E54-B6E9-9D8A5522A3F6}
		{5DB99E95-57F1-44CD-8D8F-8D15D22628A3} = {C4C3B7B2-E1B4-4E54-B6E9-9D8A5522A3F6}
		{C4C3B7B2-E1B4-4E54-B6E9-9D8A5522A3F6} = {A11D5B7C-7D0F-4E6F-8924-4597E98ACBE8}
		{C3119481-3D3F-439C-946E-0D93CB797C21} = {462C394F-02A5-483A-B8F0-38931B09977A}
		{9C0C2CB6-57F4-4E8C-9384-F1DFC1D8F70A} = {462C394F-02A5-483A-B8F0-38931B09977A}
		{22DF34D8-9918-483D-81AB-005740343F20} = {462C394F-02A5-483A-B8F0-38931B09977A}
		{8D25DD86-C2AF-4010-86CF-B83A885C55D7} = {20A595C7-A7A6-4163-BBF7-A79495CB4C1F}
		{1D1DCD7C-602A-441E-816E-81F6E9A8FCCF} = {20A595C7-A7A6-4163-BBF7-A79495CB4C1F}
		{5CE2085A-6066-45D8-838B-3639937C997F} = {20A595C7-A7A6-4163-BBF7-A79495CB4C1F}
		{198B7D9F-EF5C-4C3A-A5D9-C70DFCC68A6A} = {5DB99E95-57F1-44CD-8D8F-8D15D22628A3}
		{33750109-9EDD-4D95-ACAA-3B24498892BA} = {5DB99E95-57F1-44CD-8D8F-8D15D22628A3}
		{84A1CA0C-BF4C-4D77-A1C7-9082FB6497B3} = {5DB99E95-57F1-44CD-8D8F-8D15D22628A3}
	EndGlobalSection
	GlobalSection(ExtensibilityGlobals) = postSolution
		SolutionGuid = {1BEE8415-C41F-4A13-9710-892A24B4769F}
	EndGlobalSection
EndGlobal
