
Microsoft Visual Studio Solution File, Format Version 12.00
# Visual Studio 15
VisualStudioVersion = 15.0.27703.2000
MinimumVisualStudioVersion = 10.0.40219.1
Project("{2150E333-8FDC-42A3-9474-1A3956D46DE8}") = "QuickStart", "QuickStart", "{DB7C2819-67B3-4291-ACF0-F565F13178BA}"
EndProject
Project("{2150E333-8FDC-42A3-9474-1A3956D46DE8}") = "ApiGateways", "ApiGateways", "{618AC6DD-C5A2-4A24-84FD-789BB9036D83}"
EndProject
Project("{2150E333-8FDC-42A3-9474-1A3956D46DE8}") = "Client", "Client", "{D5EBFAA5-078C-405B-A0EB-B654EBD1EFBD}"
EndProject
Project("{2150E333-8FDC-42A3-9474-1A3956D46DE8}") = "Servers", "Servers", "{A20B613A-C8FC-4512-9B8C-71EBA6179013}"
EndProject
Project("{2150E333-8FDC-42A3-9474-1A3956D46DE8}") = "Services", "Services", "{FB42D442-8427-41E6-A491-973C68F56FEC}"
EndProject
Project("{9A19103F-16F7-4668-BE54-9A1E7A4F7556}") = "ApiGateway", "ApiGateways\ApiGateway\ApiGateway.csproj", "{465DDA86-1157-4829-B7A7-6B933E9A6810}"
EndProject
Project("{9A19103F-16F7-4668-BE54-9A1E7A4F7556}") = "IServices", "Services\IServices\IServices.csproj", "{9500C1B6-1CB0-40C4-A044-7830624431F8}"
EndProject
Project("{9A19103F-16F7-4668-BE54-9A1E7A4F7556}") = "JustServcies", "Services\JustServcies\JustServcies.csproj", "{682D692A-1AA7-43F5-9F62-8AEDBAE17382}"
EndProject
Project("{9A19103F-16F7-4668-BE54-9A1E7A4F7556}") = "Services", "Services\Services\Services.csproj", "{89DEE032-EADE-4092-B4F8-4AE96FEEB77B}"
EndProject
Project("{9A19103F-16F7-4668-BE54-9A1E7A4F7556}") = "Server1.DotnettyForTransfer", "Servers\Server1.DotnettyForTransfer\Server1.DotnettyForTransfer.csproj", "{307A47D0-38EC-442D-A48B-FFB490D6002A}"
EndProject
Project("{9A19103F-16F7-4668-BE54-9A1E7A4F7556}") = "Server2.HttpForTransfer", "Servers\Server2.HttpForTransfer\Server2.HttpForTransfer.csproj", "{98D83323-A765-4F9F-9CEA-A088827DDA1A}"
EndProject
Project("{9A19103F-16F7-4668-BE54-9A1E7A4F7556}") = "Client1", "Clients\Client1\Client1.csproj", "{D2A534D2-F3FC-4316-AA4C-9EBE643F42C6}"
EndProject
Project("{9A19103F-16F7-4668-BE54-9A1E7A4F7556}") = "QuickStart.Services", "QuickStart\QuickStart.Services\QuickStart.Services.csproj", "{E7DFEF9C-E4E3-4737-9781-F1C90E2E03D7}"
EndProject
Project("{9A19103F-16F7-4668-BE54-9A1E7A4F7556}") = "QuickStart.Server1", "QuickStart\QuickStart.Server1\QuickStart.Server1.csproj", "{B726AC1C-42D4-4832-A8E3-F6A08737A216}"
EndProject
Project("{9A19103F-16F7-4668-BE54-9A1E7A4F7556}") = "QuickStart.ApiGateway", "QuickStart\QuickStart.ApiGateway\QuickStart.ApiGateway.csproj", "{F802AF68-9D37-47ED-ACF5-802469D1D8BB}"
EndProject
Global
	GlobalSection(SolutionConfigurationPlatforms) = preSolution
		Debug|Any CPU = Debug|Any CPU
		Release|Any CPU = Release|Any CPU
	EndGlobalSection
	GlobalSection(ProjectConfigurationPlatforms) = postSolution
		{465DDA86-1157-4829-B7A7-6B933E9A6810}.Debug|Any CPU.ActiveCfg = Debug|Any CPU
		{465DDA86-1157-4829-B7A7-6B933E9A6810}.Debug|Any CPU.Build.0 = Debug|Any CPU
		{465DDA86-1157-4829-B7A7-6B933E9A6810}.Release|Any CPU.ActiveCfg = Release|Any CPU
		{465DDA86-1157-4829-B7A7-6B933E9A6810}.Release|Any CPU.Build.0 = Release|Any CPU
		{9500C1B6-1CB0-40C4-A044-7830624431F8}.Debug|Any CPU.ActiveCfg = Debug|Any CPU
		{9500C1B6-1CB0-40C4-A044-7830624431F8}.Debug|Any CPU.Build.0 = Debug|Any CPU
		{9500C1B6-1CB0-40C4-A044-7830624431F8}.Release|Any CPU.ActiveCfg = Release|Any CPU
		{9500C1B6-1CB0-40C4-A044-7830624431F8}.Release|Any CPU.Build.0 = Release|Any CPU
		{682D692A-1AA7-43F5-9F62-8AEDBAE17382}.Debug|Any CPU.ActiveCfg = Debug|Any CPU
		{682D692A-1AA7-43F5-9F62-8AEDBAE17382}.Debug|Any CPU.Build.0 = Debug|Any CPU
		{682D692A-1AA7-43F5-9F62-8AEDBAE17382}.Release|Any CPU.ActiveCfg = Release|Any CPU
		{682D692A-1AA7-43F5-9F62-8AEDBAE17382}.Release|Any CPU.Build.0 = Release|Any CPU
		{89DEE032-EADE-4092-B4F8-4AE96FEEB77B}.Debug|Any CPU.ActiveCfg = Debug|Any CPU
		{89DEE032-EADE-4092-B4F8-4AE96FEEB77B}.Debug|Any CPU.Build.0 = Debug|Any CPU
		{89DEE032-EADE-4092-B4F8-4AE96FEEB77B}.Release|Any CPU.ActiveCfg = Release|Any CPU
		{89DEE032-EADE-4092-B4F8-4AE96FEEB77B}.Release|Any CPU.Build.0 = Release|Any CPU
		{307A47D0-38EC-442D-A48B-FFB490D6002A}.Debug|Any CPU.ActiveCfg = Debug|Any CPU
		{307A47D0-38EC-442D-A48B-FFB490D6002A}.Debug|Any CPU.Build.0 = Debug|Any CPU
		{307A47D0-38EC-442D-A48B-FFB490D6002A}.Release|Any CPU.ActiveCfg = Release|Any CPU
		{307A47D0-38EC-442D-A48B-FFB490D6002A}.Release|Any CPU.Build.0 = Release|Any CPU
		{98D83323-A765-4F9F-9CEA-A088827DDA1A}.Debug|Any CPU.ActiveCfg = Debug|Any CPU
		{98D83323-A765-4F9F-9CEA-A088827DDA1A}.Debug|Any CPU.Build.0 = Debug|Any CPU
		{98D83323-A765-4F9F-9CEA-A088827DDA1A}.Release|Any CPU.ActiveCfg = Release|Any CPU
		{98D83323-A765-4F9F-9CEA-A088827DDA1A}.Release|Any CPU.Build.0 = Release|Any CPU
		{D2A534D2-F3FC-4316-AA4C-9EBE643F42C6}.Debug|Any CPU.ActiveCfg = Debug|Any CPU
		{D2A534D2-F3FC-4316-AA4C-9EBE643F42C6}.Debug|Any CPU.Build.0 = Debug|Any CPU
		{D2A534D2-F3FC-4316-AA4C-9EBE643F42C6}.Release|Any CPU.ActiveCfg = Release|Any CPU
		{D2A534D2-F3FC-4316-AA4C-9EBE643F42C6}.Release|Any CPU.Build.0 = Release|Any CPU
		{E7DFEF9C-E4E3-4737-9781-F1C90E2E03D7}.Debug|Any CPU.ActiveCfg = Debug|Any CPU
		{E7DFEF9C-E4E3-4737-9781-F1C90E2E03D7}.Debug|Any CPU.Build.0 = Debug|Any CPU
		{E7DFEF9C-E4E3-4737-9781-F1C90E2E03D7}.Release|Any CPU.ActiveCfg = Release|Any CPU
		{E7DFEF9C-E4E3-4737-9781-F1C90E2E03D7}.Release|Any CPU.Build.0 = Release|Any CPU
		{B726AC1C-42D4-4832-A8E3-F6A08737A216}.Debug|Any CPU.ActiveCfg = Debug|Any CPU
		{B726AC1C-42D4-4832-A8E3-F6A08737A216}.Debug|Any CPU.Build.0 = Debug|Any CPU
		{B726AC1C-42D4-4832-A8E3-F6A08737A216}.Release|Any CPU.ActiveCfg = Release|Any CPU
		{B726AC1C-42D4-4832-A8E3-F6A08737A216}.Release|Any CPU.Build.0 = Release|Any CPU
		{F802AF68-9D37-47ED-ACF5-802469D1D8BB}.Debug|Any CPU.ActiveCfg = Debug|Any CPU
		{F802AF68-9D37-47ED-ACF5-802469D1D8BB}.Debug|Any CPU.Build.0 = Debug|Any CPU
		{F802AF68-9D37-47ED-ACF5-802469D1D8BB}.Release|Any CPU.ActiveCfg = Release|Any CPU
		{F802AF68-9D37-47ED-ACF5-802469D1D8BB}.Release|Any CPU.Build.0 = Release|Any CPU
	EndGlobalSection
	GlobalSection(SolutionProperties) = preSolution
		HideSolutionNode = FALSE
	EndGlobalSection
	GlobalSection(NestedProjects) = preSolution
		{465DDA86-1157-4829-B7A7-6B933E9A6810} = {618AC6DD-C5A2-4A24-84FD-789BB9036D83}
		{9500C1B6-1CB0-40C4-A044-7830624431F8} = {FB42D442-8427-41E6-A491-973C68F56FEC}
		{682D692A-1AA7-43F5-9F62-8AEDBAE17382} = {FB42D442-8427-41E6-A491-973C68F56FEC}
		{89DEE032-EADE-4092-B4F8-4AE96FEEB77B} = {FB42D442-8427-41E6-A491-973C68F56FEC}
		{307A47D0-38EC-442D-A48B-FFB490D6002A} = {A20B613A-C8FC-4512-9B8C-71EBA6179013}
		{98D83323-A765-4F9F-9CEA-A088827DDA1A} = {A20B613A-C8FC-4512-9B8C-71EBA6179013}
		{D2A534D2-F3FC-4316-AA4C-9EBE643F42C6} = {D5EBFAA5-078C-405B-A0EB-B654EBD1EFBD}
		{E7DFEF9C-E4E3-4737-9781-F1C90E2E03D7} = {DB7C2819-67B3-4291-ACF0-F565F13178BA}
		{B726AC1C-42D4-4832-A8E3-F6A08737A216} = {DB7C2819-67B3-4291-ACF0-F565F13178BA}
		{F802AF68-9D37-47ED-ACF5-802469D1D8BB} = {DB7C2819-67B3-4291-ACF0-F565F13178BA}
	EndGlobalSection
	GlobalSection(ExtensibilityGlobals) = postSolution
		SolutionGuid = {1BEE8415-C41F-4A13-9710-892A24B4769F}
	EndGlobalSection
EndGlobal
